
Microsoft Visual Studio Solution File, Format Version 12.00
# Visual Studio Version 17
VisualStudioVersion = 17.5.002.0
MinimumVisualStudioVersion = 10.0.40219.1
Project("{9A19103F-16F7-4668-BE54-9A1E7A4F7556}") = "api", "api.csproj", "{C6A8D532-3102-432E-8215-4CBC57B77FBE}"
EndProject
Global
	GlobalSection(SolutionConfigurationPlatforms) = preSolution
		Debug|Any CPU = Debug|Any CPU
		Release|Any CPU = Release|Any CPU
	EndGlobalSection
	GlobalSection(ProjectConfigurationPlatforms) = postSolution
		{C6A8D532-3102-432E-8215-4CBC57B77FBE}.Debug|Any CPU.ActiveCfg = Debug|Any CPU
		{C6A8D532-3102-432E-8215-4CBC57B77FBE}.Debug|Any CPU.Build.0 = Debug|Any CPU
		{C6A8D532-3102-432E-8215-4CBC57B77FBE}.Release|Any CPU.ActiveCfg = Release|Any CPU
		{C6A8D532-3102-432E-8215-4CBC57B77FBE}.Release|Any CPU.Build.0 = Release|Any CPU
	EndGlobalSection
	GlobalSection(SolutionProperties) = preSolution
		HideSolutionNode = FALSE
	EndGlobalSection
	GlobalSection(ExtensibilityGlobals) = postSolution
		SolutionGuid = {59703875-4B68-43B0-861A-E89D23BD0F9B}
	EndGlobalSection
EndGlobal
